
Microsoft Visual Studio Solution File, Format Version 12.00
# Visual Studio Version 16
VisualStudioVersion = 16.0.31727.386
MinimumVisualStudioVersion = 10.0.40219.1
Project("{8BC9CEB8-8B4A-11D0-8D11-00A0C91BC942}") = "exp2_8_no_deadlock", "exp2_8_no_deadlock\exp2_8_no_deadlock.vcxproj", "{C87A31EF-274F-49C8-92C2-E63BD0654067}"
EndProject
Global
	GlobalSection(SolutionConfigurationPlatforms) = preSolution
		Debug|x64 = Debug|x64
		Debug|x86 = Debug|x86
		Release|x64 = Release|x64
		Release|x86 = Release|x86
	EndGlobalSection
	GlobalSection(ProjectConfigurationPlatforms) = postSolution
		{C87A31EF-274F-49C8-92C2-E63BD0654067}.Debug|x64.ActiveCfg = Debug|x64
		{C87A31EF-274F-49C8-92C2-E63BD0654067}.Debug|x64.Build.0 = Debug|x64
		{C87A31EF-274F-49C8-92C2-E63BD0654067}.Debug|x86.ActiveCfg = Debug|Win32
		{C87A31EF-274F-49C8-92C2-E63BD0654067}.Debug|x86.Build.0 = Debug|Win32
		{C87A31EF-274F-49C8-92C2-E63BD0654067}.Release|x64.ActiveCfg = Release|x64
		{C87A31EF-274F-49C8-92C2-E63BD0654067}.Release|x64.Build.0 = Release|x64
		{C87A31EF-274F-49C8-92C2-E63BD0654067}.Release|x86.ActiveCfg = Release|Win32
		{C87A31EF-274F-49C8-92C2-E63BD0654067}.Release|x86.Build.0 = Release|Win32
	EndGlobalSection
	GlobalSection(SolutionProperties) = preSolution
		HideSolutionNode = FALSE
	EndGlobalSection
	GlobalSection(ExtensibilityGlobals) = postSolution
		SolutionGuid = {0B3A4DC5-41EE-45EC-9388-707D641F6A4B}
	EndGlobalSection
EndGlobal
